{
  "name": "@makina-corpus/mapbox-gl-path",
  "version": "1.5.0",
  "lockfileVersion": 1,
  "requires": true,
  "dependencies": {
    "@mapbox/geojson-rewind": {
      "version": "0.5.0",
      "resolved": "https://registry.npmjs.org/@mapbox/geojson-rewind/-/geojson-rewind-0.5.0.tgz",
      "integrity": "sha512-73l/qJQgj/T/zO1JXVfuVvvKDgikD/7D/rHAD28S9BG1OTstgmftrmqfCx4U+zQAmtsB6HcDA3a7ymdnJZAQgg==",
      "dev": true,
      "requires": {
        "concat-stream": "~2.0.0",
        "minimist": "^1.2.5"
      }
    },
    "@mapbox/geojson-types": {
      "version": "1.0.2",
      "resolved": "https://registry.npmjs.org/@mapbox/geojson-types/-/geojson-types-1.0.2.tgz",
      "integrity": "sha512-e9EBqHHv3EORHrSfbR9DqecPNn+AmuAoQxV6aL8Xu30bJMJR1o8PZLZzpk1Wq7/NfCbuhmakHTPYRhoqLsXRnw==",
      "dev": true
    },
    "@mapbox/jsonlint-lines-primitives": {
      "version": "2.0.2",
      "resolved": "https://registry.npmjs.org/@mapbox/jsonlint-lines-primitives/-/jsonlint-lines-primitives-2.0.2.tgz",
      "integrity": "sha1-zlblOfg1UrWNENZy6k1vya3HsjQ=",
      "dev": true
    },
    "@mapbox/mapbox-gl-supported": {
      "version": "1.5.0",
      "resolved": "https://registry.npmjs.org/@mapbox/mapbox-gl-supported/-/mapbox-gl-supported-1.5.0.tgz",
      "integrity": "sha512-/PT1P6DNf7vjEEiPkVIRJkvibbqWtqnyGaBz3nfRdcxclNSnSdaLU5tfAgcD7I8Yt5i+L19s406YLl1koLnLbg==",
      "dev": true
    },
    "@mapbox/point-geometry": {
      "version": "0.1.0",
      "resolved": "https://registry.npmjs.org/@mapbox/point-geometry/-/point-geometry-0.1.0.tgz",
      "integrity": "sha1-ioP5M1x4YO/6Lu7KJUMyqgru2PI=",
      "dev": true
    },
    "@mapbox/tiny-sdf": {
      "version": "1.1.1",
      "resolved": "https://registry.npmjs.org/@mapbox/tiny-sdf/-/tiny-sdf-1.1.1.tgz",
      "integrity": "sha512-Ihn1nZcGIswJ5XGbgFAvVumOgWpvIjBX9jiRlIl46uQG9vJOF51ViBYHF95rEZupuyQbEmhLaDPLQlU7fUTsBg==",
      "dev": true
    },
    "@mapbox/unitbezier": {
      "version": "0.0.0",
      "resolved": "https://registry.npmjs.org/@mapbox/unitbezier/-/unitbezier-0.0.0.tgz",
      "integrity": "sha1-FWUb1VOme4WB+zmIEMmK2Go0Uk4=",
      "dev": true
    },
    "@mapbox/vector-tile": {
      "version": "1.3.1",
      "resolved": "https://registry.npmjs.org/@mapbox/vector-tile/-/vector-tile-1.3.1.tgz",
      "integrity": "sha512-MCEddb8u44/xfQ3oD+Srl/tNcQoqTw3goGk2oLsrFxOTc3dUp+kAnby3PvAeeBYSMSjSPD1nd1AJA6W49WnoUw==",
      "dev": true,
      "requires": {
        "@mapbox/point-geometry": "~0.1.0"
      }
    },
    "@mapbox/whoots-js": {
      "version": "3.1.0",
      "resolved": "https://registry.npmjs.org/@mapbox/whoots-js/-/whoots-js-3.1.0.tgz",
      "integrity": "sha512-Es6WcD0nO5l+2BOQS4uLfNPYQaNDfbot3X1XUoloz+x0mPDS3eeORZJl06HXjwBG1fOGwCRnzK88LMdxKRrd6Q==",
      "dev": true
    },
    "@rollup/plugin-commonjs": {
      "version": "15.1.0",
      "resolved": "https://registry.npmjs.org/@rollup/plugin-commonjs/-/plugin-commonjs-15.1.0.tgz",
      "integrity": "sha512-xCQqz4z/o0h2syQ7d9LskIMvBSH4PX5PjYdpSSvgS+pQik3WahkQVNWg3D8XJeYjZoVWnIUQYDghuEMRGrmQYQ==",
      "dev": true,
      "requires": {
        "@rollup/pluginutils": "^3.1.0",
        "commondir": "^1.0.1",
        "estree-walker": "^2.0.1",
        "glob": "^7.1.6",
        "is-reference": "^1.2.1",
        "magic-string": "^0.25.7",
        "resolve": "^1.17.0"
      },
      "dependencies": {
        "estree-walker": {
          "version": "2.0.1",
          "resolved": "https://registry.npmjs.org/estree-walker/-/estree-walker-2.0.1.tgz",
          "integrity": "sha512-tF0hv+Yi2Ot1cwj9eYHtxC0jB9bmjacjQs6ZBTj82H8JwUywFuc+7E83NWfNMwHXZc11mjfFcVXPe9gEP4B8dg==",
          "dev": true
        }
      }
    },
    "@rollup/plugin-html": {
      "version": "0.2.0",
      "resolved": "https://registry.npmjs.org/@rollup/plugin-html/-/plugin-html-0.2.0.tgz",
      "integrity": "sha512-aT73feaTUmJIQ45K61+5pL9GE5IYgHi0SvQ+yhQfPG1HoDlPnIjk3af9IA/DxJ+8ZlWDWFcN3pik0VavWF88hw==",
      "dev": true
    },
    "@rollup/plugin-node-resolve": {
      "version": "9.0.0",
      "resolved": "https://registry.npmjs.org/@rollup/plugin-node-resolve/-/plugin-node-resolve-9.0.0.tgz",
      "integrity": "sha512-gPz+utFHLRrd41WMP13Jq5mqqzHL3OXrfj3/MkSyB6UBIcuNt9j60GCbarzMzdf1VHFpOxfQh/ez7wyadLMqkg==",
      "dev": true,
      "requires": {
        "@rollup/pluginutils": "^3.1.0",
        "@types/resolve": "1.17.1",
        "builtin-modules": "^3.1.0",
        "deepmerge": "^4.2.2",
        "is-module": "^1.0.0",
        "resolve": "^1.17.0"
      }
    },
    "@rollup/plugin-typescript": {
      "version": "6.0.0",
      "resolved": "https://registry.npmjs.org/@rollup/plugin-typescript/-/plugin-typescript-6.0.0.tgz",
      "integrity": "sha512-Y5U2L4eaF3wUSgCZRMdvNmuzWkKMyN3OwvhAdbzAi5sUqedaBk/XbzO4T7RlViDJ78MOPhwAIv2FtId/jhMtbg==",
      "dev": true,
      "requires": {
        "@rollup/pluginutils": "^3.1.0",
        "resolve": "^1.17.0"
      }
    },
    "@rollup/pluginutils": {
      "version": "3.1.0",
      "resolved": "https://registry.npmjs.org/@rollup/pluginutils/-/pluginutils-3.1.0.tgz",
      "integrity": "sha512-GksZ6pr6TpIjHm8h9lSQ8pi8BE9VeubNT0OMJ3B5uZJ8pz73NPiqOtCog/x2/QzM1ENChPKxMDhiQuRHsqc+lg==",
      "dev": true,
      "requires": {
        "@types/estree": "0.0.39",
        "estree-walker": "^1.0.1",
        "picomatch": "^2.2.2"
      }
    },
    "@turf/bbox": {
      "version": "6.0.1",
      "resolved": "https://registry.npmjs.org/@turf/bbox/-/bbox-6.0.1.tgz",
      "integrity": "sha512-EGgaRLettBG25Iyx7VyUINsPpVj1x3nFQFiGS3ER8KCI1MximzNLsam3eXRabqQDjyAKyAE1bJ4EZEpGvspQxw==",
      "requires": {
        "@turf/helpers": "6.x",
        "@turf/meta": "6.x"
      },
      "dependencies": {
        "@turf/helpers": {
          "version": "6.1.4",
          "resolved": "https://registry.npmjs.org/@turf/helpers/-/helpers-6.1.4.tgz",
          "integrity": "sha512-vJvrdOZy1ngC7r3MDA7zIGSoIgyrkWcGnNIEaqn/APmw+bVLF2gAW7HIsdTxd12s5wQMqEpqIQrmrbRRZ0xC7g=="
        },
        "@turf/meta": {
          "version": "6.0.2",
          "resolved": "https://registry.npmjs.org/@turf/meta/-/meta-6.0.2.tgz",
          "integrity": "sha512-VA7HJkx7qF1l3+GNGkDVn2oXy4+QoLP6LktXAaZKjuT1JI0YESat7quUkbCMy4zP9lAUuvS4YMslLyTtr919FA==",
          "requires": {
            "@turf/helpers": "6.x"
          }
        }
      }
    },
    "@turf/bearing": {
      "version": "6.3.0",
      "resolved": "https://registry.npmjs.org/@turf/bearing/-/bearing-6.3.0.tgz",
      "integrity": "sha512-apuUm9xN6VQLO33m7F2mmzlm3dHfeesJjMSzh9iehGtgmp1IaVndjdcIvs0ieiwm8bN9UhwXpfPtO3pV0n9SFw==",
      "requires": {
        "@turf/helpers": "^6.3.0",
        "@turf/invariant": "^6.3.0"
      }
    },
    "@turf/clone": {
      "version": "6.3.0",
      "resolved": "https://registry.npmjs.org/@turf/clone/-/clone-6.3.0.tgz",
      "integrity": "sha512-GAgN89/9GCqUKECB1oY2hcTs0K2rZj+a2tY6VfM0ef9wwckuQZCKi+kKGUzhKVrmHee15jKV8n6DY0er8OndKg==",
      "requires": {
        "@turf/helpers": "^6.3.0"
      }
    },
    "@turf/destination": {
      "version": "6.3.0",
      "resolved": "https://registry.npmjs.org/@turf/destination/-/destination-6.3.0.tgz",
      "integrity": "sha512-aLt3U/XkJWyZW08Ln1qZwBNAGh27yhmYLu892+dBj3gKP6UUiR6ZopXxrBwjBVe00A6k2ktftKDn79qe0hptuw==",
      "requires": {
        "@turf/helpers": "^6.3.0",
        "@turf/invariant": "^6.3.0"
      }
    },
    "@turf/distance": {
      "version": "6.3.0",
      "resolved": "https://registry.npmjs.org/@turf/distance/-/distance-6.3.0.tgz",
      "integrity": "sha512-basi24ssNFnH3iXPFjp/aNUrukjObiFWoIyDRqKyBJxVwVOwAWvfk4d38QQyBj5nDo5IahYRq/Q+T47/5hSs9w==",
      "requires": {
        "@turf/helpers": "^6.3.0",
        "@turf/invariant": "^6.3.0"
      }
    },
    "@turf/helpers": {
      "version": "6.3.0",
      "resolved": "https://registry.npmjs.org/@turf/helpers/-/helpers-6.3.0.tgz",
      "integrity": "sha512-kr6KuD4Z0GZ30tblTEvi90rvvVNlKieXuMC8CTzE/rVQb0/f/Cb29zCXxTD7giQTEQY/P2nRW23wEqqyNHulCg=="
    },
    "@turf/invariant": {
      "version": "6.3.0",
      "resolved": "https://registry.npmjs.org/@turf/invariant/-/invariant-6.3.0.tgz",
      "integrity": "sha512-2OFOi9p+QOrcIMySEnr+WlOiKaFZ1bY56jA98YyECewJHfhPFWUBZEhc4nWGRT0ahK08Vus9+gcuBX8QIpCIIw==",
      "requires": {
        "@turf/helpers": "^6.3.0"
      }
    },
    "@turf/line-intersect": {
      "version": "6.3.0",
      "resolved": "https://registry.npmjs.org/@turf/line-intersect/-/line-intersect-6.3.0.tgz",
      "integrity": "sha512-3naxR7XpkPd2vst3Mw6DFry4C9m3o0/f2n/xu5UAyxb88Ie4m2k+1eqkhzMMx/0L+E6iThWpLx7DASM6q6o9ow==",
      "requires": {
        "@turf/helpers": "^6.3.0",
        "@turf/invariant": "^6.3.0",
        "@turf/line-segment": "^6.3.0",
        "@turf/meta": "^6.3.0",
        "geojson-rbush": "3.x"
      }
    },
    "@turf/line-segment": {
      "version": "6.3.0",
      "resolved": "https://registry.npmjs.org/@turf/line-segment/-/line-segment-6.3.0.tgz",
      "integrity": "sha512-M+aDy83V+E7jYWNaf+b+A88yhnMrJhyg/lhAj6mU6UeB2PbruXB2qgSmmVDSE2dIknOvZZuIWNzEzUI07RO2kw==",
      "requires": {
        "@turf/helpers": "^6.3.0",
        "@turf/invariant": "^6.3.0",
        "@turf/meta": "^6.3.0"
      }
    },
    "@turf/line-split": {
      "version": "6.3.0",
      "resolved": "https://registry.npmjs.org/@turf/line-split/-/line-split-6.3.0.tgz",
      "integrity": "sha512-Q0nUJ0vczy11piyEz0FaKScFwSQtb1HJ2RPEMCw1coUJhTCB02KBWQLImhYqwsD3uLg+H/fxaJ1Gva6EPWoDNQ==",
      "requires": {
        "@turf/bbox": "^6.3.0",
        "@turf/helpers": "^6.3.0",
        "@turf/invariant": "^6.3.0",
        "@turf/line-intersect": "^6.3.0",
        "@turf/line-segment": "^6.3.0",
        "@turf/meta": "^6.3.0",
        "@turf/nearest-point-on-line": "^6.3.0",
        "@turf/square": "^6.3.0",
        "@turf/truncate": "^6.3.0",
        "geojson-rbush": "3.x"
      },
      "dependencies": {
        "@turf/bbox": {
          "version": "6.3.0",
          "resolved": "https://registry.npmjs.org/@turf/bbox/-/bbox-6.3.0.tgz",
          "integrity": "sha512-N4ue5Xopu1qieSHP2MA/CJGWHPKaTrVXQJjzHRNcY1vtsO126xbSaJhWUrFc5x5vVkXp0dcucGryO0r5m4o/KA==",
          "requires": {
            "@turf/helpers": "^6.3.0",
            "@turf/meta": "^6.3.0"
          }
        },
        "@turf/bearing": {
          "version": "6.3.0",
          "resolved": "https://registry.npmjs.org/@turf/bearing/-/bearing-6.3.0.tgz",
          "integrity": "sha512-apuUm9xN6VQLO33m7F2mmzlm3dHfeesJjMSzh9iehGtgmp1IaVndjdcIvs0ieiwm8bN9UhwXpfPtO3pV0n9SFw==",
          "requires": {
            "@turf/helpers": "^6.3.0",
            "@turf/invariant": "^6.3.0"
          }
        },
        "@turf/destination": {
          "version": "6.3.0",
          "resolved": "https://registry.npmjs.org/@turf/destination/-/destination-6.3.0.tgz",
          "integrity": "sha512-aLt3U/XkJWyZW08Ln1qZwBNAGh27yhmYLu892+dBj3gKP6UUiR6ZopXxrBwjBVe00A6k2ktftKDn79qe0hptuw==",
          "requires": {
            "@turf/helpers": "^6.3.0",
            "@turf/invariant": "^6.3.0"
          }
        },
        "@turf/distance": {
          "version": "6.3.0",
          "resolved": "https://registry.npmjs.org/@turf/distance/-/distance-6.3.0.tgz",
          "integrity": "sha512-basi24ssNFnH3iXPFjp/aNUrukjObiFWoIyDRqKyBJxVwVOwAWvfk4d38QQyBj5nDo5IahYRq/Q+T47/5hSs9w==",
          "requires": {
            "@turf/helpers": "^6.3.0",
            "@turf/invariant": "^6.3.0"
          }
        },
        "@turf/invariant": {
          "version": "6.3.0",
          "resolved": "https://registry.npmjs.org/@turf/invariant/-/invariant-6.3.0.tgz",
          "integrity": "sha512-2OFOi9p+QOrcIMySEnr+WlOiKaFZ1bY56jA98YyECewJHfhPFWUBZEhc4nWGRT0ahK08Vus9+gcuBX8QIpCIIw==",
          "requires": {
            "@turf/helpers": "^6.3.0"
          }
        },
        "@turf/line-intersect": {
          "version": "6.3.0",
          "resolved": "https://registry.npmjs.org/@turf/line-intersect/-/line-intersect-6.3.0.tgz",
          "integrity": "sha512-3naxR7XpkPd2vst3Mw6DFry4C9m3o0/f2n/xu5UAyxb88Ie4m2k+1eqkhzMMx/0L+E6iThWpLx7DASM6q6o9ow==",
          "requires": {
            "@turf/helpers": "^6.3.0",
            "@turf/invariant": "^6.3.0",
            "@turf/line-segment": "^6.3.0",
            "@turf/meta": "^6.3.0",
            "geojson-rbush": "3.x"
          }
        },
        "@turf/line-segment": {
          "version": "6.3.0",
          "resolved": "https://registry.npmjs.org/@turf/line-segment/-/line-segment-6.3.0.tgz",
          "integrity": "sha512-M+aDy83V+E7jYWNaf+b+A88yhnMrJhyg/lhAj6mU6UeB2PbruXB2qgSmmVDSE2dIknOvZZuIWNzEzUI07RO2kw==",
          "requires": {
            "@turf/helpers": "^6.3.0",
            "@turf/invariant": "^6.3.0",
            "@turf/meta": "^6.3.0"
          }
        },
        "@turf/meta": {
          "version": "6.3.0",
          "resolved": "https://registry.npmjs.org/@turf/meta/-/meta-6.3.0.tgz",
          "integrity": "sha512-qBJjaAJS9H3ap0HlGXyF/Bzfl0qkA9suafX/jnDsZvWMfVLt+s+o6twKrXOGk5t7nnNON2NFRC8+czxpu104EQ==",
          "requires": {
            "@turf/helpers": "^6.3.0"
          }
        },
        "@turf/nearest-point-on-line": {
          "version": "6.3.0",
          "resolved": "https://registry.npmjs.org/@turf/nearest-point-on-line/-/nearest-point-on-line-6.3.0.tgz",
          "integrity": "sha512-b4C9Md1VbGn9chMgdSj2grJD4w4t0owEWOKEBwOZfdhrcksyOedVvKB7XqOFdj/8Jitel40EKAC5LQTNu24kEQ==",
          "requires": {
            "@turf/bearing": "^6.3.0",
            "@turf/destination": "^6.3.0",
            "@turf/distance": "^6.3.0",
            "@turf/helpers": "^6.3.0",
            "@turf/invariant": "^6.3.0",
            "@turf/line-intersect": "^6.3.0",
            "@turf/meta": "^6.3.0"
          }
        }
      }
    },
    "@turf/meta": {
      "version": "6.3.0",
      "resolved": "https://registry.npmjs.org/@turf/meta/-/meta-6.3.0.tgz",
      "integrity": "sha512-qBJjaAJS9H3ap0HlGXyF/Bzfl0qkA9suafX/jnDsZvWMfVLt+s+o6twKrXOGk5t7nnNON2NFRC8+czxpu104EQ==",
      "requires": {
        "@turf/helpers": "^6.3.0"
      }
    },
    "@turf/nearest-point-on-line": {
      "version": "6.3.0",
      "resolved": "https://registry.npmjs.org/@turf/nearest-point-on-line/-/nearest-point-on-line-6.3.0.tgz",
      "integrity": "sha512-b4C9Md1VbGn9chMgdSj2grJD4w4t0owEWOKEBwOZfdhrcksyOedVvKB7XqOFdj/8Jitel40EKAC5LQTNu24kEQ==",
      "requires": {
        "@turf/bearing": "^6.3.0",
        "@turf/destination": "^6.3.0",
        "@turf/distance": "^6.3.0",
        "@turf/helpers": "^6.3.0",
        "@turf/invariant": "^6.3.0",
        "@turf/line-intersect": "^6.3.0",
        "@turf/meta": "^6.3.0"
      }
    },
    "@turf/point-to-line-distance": {
      "version": "6.3.0",
      "resolved": "https://registry.npmjs.org/@turf/point-to-line-distance/-/point-to-line-distance-6.3.0.tgz",
      "integrity": "sha512-AqCcj4A0GPzKb3w+q+C9ex0r5mC+u+Ee6VN2jY1p25dxBQJNpMZKDE5LcWtaXeD+pAk3ZGmvea8LR5S0AJukxA==",
      "requires": {
        "@turf/bearing": "^6.3.0",
        "@turf/distance": "^6.3.0",
        "@turf/helpers": "^6.3.0",
        "@turf/invariant": "^6.3.0",
        "@turf/meta": "^6.3.0",
        "@turf/projection": "^6.3.0",
        "@turf/rhumb-bearing": "^6.3.0",
        "@turf/rhumb-distance": "^6.3.0"
      }
    },
    "@turf/projection": {
      "version": "6.3.0",
      "resolved": "https://registry.npmjs.org/@turf/projection/-/projection-6.3.0.tgz",
      "integrity": "sha512-IpSs7Q6G6xi47ynVlYYVegPLy6Jc0yo3/DcIm83jaJa4NnzPFXIFZT0v9Fe1N8MraHZqiqaSPbVnJXCGwR12lg==",
      "requires": {
        "@turf/clone": "^6.3.0",
        "@turf/helpers": "^6.3.0",
        "@turf/meta": "^6.3.0"
      }
    },
    "@turf/rhumb-bearing": {
      "version": "6.3.0",
      "resolved": "https://registry.npmjs.org/@turf/rhumb-bearing/-/rhumb-bearing-6.3.0.tgz",
      "integrity": "sha512-/c/BE3huEUrwN6gx7Bg2FzfJqeU+TWk/slQPDHpbVunlIPbS6L28brqSVD+KXfMG8HQIzynz6Pm4Y+j5Iv4aWA==",
      "requires": {
        "@turf/helpers": "^6.3.0",
        "@turf/invariant": "^6.3.0"
      }
    },
    "@turf/rhumb-distance": {
      "version": "6.3.0",
      "resolved": "https://registry.npmjs.org/@turf/rhumb-distance/-/rhumb-distance-6.3.0.tgz",
      "integrity": "sha512-wMIQVvznusonnp/POeucFdA4Rubn0NrkcEMdxdcCgFK7OmTz0zU4CEnNONF2IUGkQ5WwoKiuS7MOTQ8OuCjSfQ==",
      "requires": {
        "@turf/helpers": "^6.3.0",
        "@turf/invariant": "^6.3.0"
      }
    },
    "@turf/square": {
      "version": "6.3.0",
      "resolved": "https://registry.npmjs.org/@turf/square/-/square-6.3.0.tgz",
      "integrity": "sha512-/nRGsV0DlUcOYv+gKAkIADSf+HooNLbOLBTUdhq9Piy3LuAWIXT+Rt5XN+NuNZP+84Al34GA1fR+BxqQ4reh7w==",
      "requires": {
        "@turf/distance": "^6.3.0",
        "@turf/helpers": "^6.3.0"
      },
      "dependencies": {
        "@turf/distance": {
          "version": "6.3.0",
          "resolved": "https://registry.npmjs.org/@turf/distance/-/distance-6.3.0.tgz",
          "integrity": "sha512-basi24ssNFnH3iXPFjp/aNUrukjObiFWoIyDRqKyBJxVwVOwAWvfk4d38QQyBj5nDo5IahYRq/Q+T47/5hSs9w==",
          "requires": {
            "@turf/helpers": "^6.3.0",
            "@turf/invariant": "^6.3.0"
          }
        },
        "@turf/invariant": {
          "version": "6.3.0",
          "resolved": "https://registry.npmjs.org/@turf/invariant/-/invariant-6.3.0.tgz",
          "integrity": "sha512-2OFOi9p+QOrcIMySEnr+WlOiKaFZ1bY56jA98YyECewJHfhPFWUBZEhc4nWGRT0ahK08Vus9+gcuBX8QIpCIIw==",
          "requires": {
            "@turf/helpers": "^6.3.0"
          }
        }
      }
    },
    "@turf/truncate": {
      "version": "6.3.0",
      "resolved": "https://registry.npmjs.org/@turf/truncate/-/truncate-6.3.0.tgz",
      "integrity": "sha512-fvzR3BUODPciEBELLqqAggEEeb1L0d79WZYb9HKaoSB0GKTTgNrEbkTXiiGEjGJ1s1FMqXOEp0DKsLvvb1h4OA==",
      "requires": {
        "@turf/helpers": "^6.3.0",
        "@turf/meta": "^6.3.0"
      },
      "dependencies": {
        "@turf/meta": {
          "version": "6.3.0",
          "resolved": "https://registry.npmjs.org/@turf/meta/-/meta-6.3.0.tgz",
          "integrity": "sha512-qBJjaAJS9H3ap0HlGXyF/Bzfl0qkA9suafX/jnDsZvWMfVLt+s+o6twKrXOGk5t7nnNON2NFRC8+czxpu104EQ==",
          "requires": {
            "@turf/helpers": "^6.3.0"
          }
        }
      }
    },
    "@types/estree": {
      "version": "0.0.39",
      "resolved": "https://registry.npmjs.org/@types/estree/-/estree-0.0.39.tgz",
      "integrity": "sha512-EYNwp3bU+98cpU4lAWYYL7Zz+2gryWH1qbdDTidVd6hkiR6weksdbMadyXKXNPEkQFhXM+hVO9ZygomHXp+AIw==",
      "dev": true
    },
    "@types/geojson": {
      "version": "7946.0.7",
      "resolved": "https://registry.npmjs.org/@types/geojson/-/geojson-7946.0.7.tgz",
      "integrity": "sha512-wE2v81i4C4Ol09RtsWFAqg3BUitWbHSpSlIo+bNdsCJijO9sjme+zm+73ZMCa/qMC8UEERxzGbvmr1cffo2SiQ==",
      "dev": true
    },
    "@types/lodash": {
      "version": "4.14.165",
      "resolved": "https://registry.npmjs.org/@types/lodash/-/lodash-4.14.165.tgz",
      "integrity": "sha512-tjSSOTHhI5mCHTy/OOXYIhi2Wt1qcbHmuXD1Ha7q70CgI/I71afO4XtLb/cVexki1oVYchpul/TOuu3Arcdxrg==",
      "dev": true
    },
    "@types/lodash.debounce": {
      "version": "4.0.6",
      "resolved": "https://registry.npmjs.org/@types/lodash.debounce/-/lodash.debounce-4.0.6.tgz",
      "integrity": "sha512-4WTmnnhCfDvvuLMaF3KV4Qfki93KebocUF45msxhYyjMttZDQYzHkO639ohhk8+oco2cluAFL3t5+Jn4mleylQ==",
      "dev": true,
      "requires": {
        "@types/lodash": "*"
      }
    },
    "@types/mapbox-gl": {
      "version": "1.12.2",
      "resolved": "https://registry.npmjs.org/@types/mapbox-gl/-/mapbox-gl-1.12.2.tgz",
      "integrity": "sha512-5BjQ4wmRpz584qApgazma/6w2EB2evIaWKwZrDlshSX0+KoM8XT3nTrp8iYHQyMZV3mmIzEdbvt0jmc6ToLqeQ==",
      "dev": true,
      "requires": {
        "@types/geojson": "*"
      }
    },
    "@types/node": {
      "version": "14.11.11",
      "resolved": "https://registry.npmjs.org/@types/node/-/node-14.11.11.tgz",
      "integrity": "sha512-UcaAZrL8uO5GNS+NLxkYg1RiOMgdLxCXGqs+TTupltXN8rTvUEKTOpqCV3tlcAIZJXzcBQajzmjdrvuPvnuMUw==",
      "dev": true
    },
    "@types/resolve": {
      "version": "1.17.1",
      "resolved": "https://registry.npmjs.org/@types/resolve/-/resolve-1.17.1.tgz",
      "integrity": "sha512-yy7HuzQhj0dhGpD8RLXSZWEkLsV9ibvxvi6EiJ3bkqLAO1RGo0WbkWQiwpRlSFymTJRz0d3k5LM3kkx8ArDbLw==",
      "dev": true,
      "requires": {
        "@types/node": "*"
      }
    },
    "anymatch": {
      "version": "3.1.1",
      "resolved": "https://registry.npmjs.org/anymatch/-/anymatch-3.1.1.tgz",
      "integrity": "sha512-mM8522psRCqzV+6LhomX5wgp25YVibjh8Wj23I5RPkPppSVSjyKD2A2mBJmWGa+KN7f2D6LNh9jkBCeyLktzjg==",
      "dev": true,
      "requires": {
        "normalize-path": "^3.0.0",
        "picomatch": "^2.0.4"
      }
    },
    "async-limiter": {
      "version": "1.0.1",
      "resolved": "https://registry.npmjs.org/async-limiter/-/async-limiter-1.0.1.tgz",
      "integrity": "sha512-csOlWGAcRFJaI6m+F2WKdnMKr4HhdhFVBk0H/QbJFMCr+uO2kwohwXQPxw/9OCxp05r5ghVBFSyioixx3gfkNQ==",
      "dev": true
    },
    "at-least-node": {
      "version": "1.0.0",
      "resolved": "https://registry.npmjs.org/at-least-node/-/at-least-node-1.0.0.tgz",
      "integrity": "sha512-+q/t7Ekv1EDY2l6Gda6LLiX14rU9TV20Wa3ofeQmwPFZbOMo9DXrLbOjFaaclkXKWidIaopwAObQDqwWtGUjqg==",
      "dev": true
    },
    "balanced-match": {
      "version": "1.0.0",
      "resolved": "https://registry.npmjs.org/balanced-match/-/balanced-match-1.0.0.tgz",
      "integrity": "sha1-ibTRmasr7kneFk6gK4nORi1xt2c=",
      "dev": true
    },
    "binary-extensions": {
      "version": "2.1.0",
      "resolved": "https://registry.npmjs.org/binary-extensions/-/binary-extensions-2.1.0.tgz",
      "integrity": "sha512-1Yj8h9Q+QDF5FzhMs/c9+6UntbD5MkRfRwac8DoEm9ZfUBZ7tZ55YcGVAzEe4bXsdQHEk+s9S5wsOKVdZrw0tQ==",
      "dev": true
    },
    "brace-expansion": {
      "version": "1.1.11",
      "resolved": "https://registry.npmjs.org/brace-expansion/-/brace-expansion-1.1.11.tgz",
      "integrity": "sha512-iCuPHDFgrHX7H2vEI/5xpz07zSHB00TpugqhmYtVmMO6518mCuRMoOYFldEBl0g187ufozdaHgWKcYFb61qGiA==",
      "dev": true,
      "requires": {
        "balanced-match": "^1.0.0",
        "concat-map": "0.0.1"
      }
    },
    "braces": {
      "version": "3.0.2",
      "resolved": "https://registry.npmjs.org/braces/-/braces-3.0.2.tgz",
      "integrity": "sha512-b8um+L1RzM3WDSzvhm6gIz1yfTbBt6YTlcEKAvsmqCZZFw46z626lVj9j1yEPW33H5H+lBQpZMP1k8l+78Ha0A==",
      "dev": true,
      "requires": {
        "fill-range": "^7.0.1"
      }
    },
    "buffer-from": {
      "version": "1.1.1",
      "resolved": "https://registry.npmjs.org/buffer-from/-/buffer-from-1.1.1.tgz",
      "integrity": "sha512-MQcXEUbCKtEo7bhqEs6560Hyd4XaovZlO/k9V3hjVUF/zwW7KBVdSK4gIt/bzwS9MbR5qob+F5jusZsb0YQK2A==",
      "dev": true
    },
    "builtin-modules": {
      "version": "3.1.0",
      "resolved": "https://registry.npmjs.org/builtin-modules/-/builtin-modules-3.1.0.tgz",
      "integrity": "sha512-k0KL0aWZuBt2lrxrcASWDfwOLMnodeQjodT/1SxEQAXsHANgo6ZC/VEaSEHCXt7aSTZ4/4H5LKa+tBXmW7Vtvw==",
      "dev": true
    },
    "chokidar": {
      "version": "3.4.2",
      "resolved": "https://registry.npmjs.org/chokidar/-/chokidar-3.4.2.tgz",
      "integrity": "sha512-IZHaDeBeI+sZJRX7lGcXsdzgvZqKv6sECqsbErJA4mHWfpRrD8B97kSFN4cQz6nGBGiuFia1MKR4d6c1o8Cv7A==",
      "dev": true,
      "requires": {
        "anymatch": "~3.1.1",
        "braces": "~3.0.2",
        "fsevents": "~2.1.2",
        "glob-parent": "~5.1.0",
        "is-binary-path": "~2.1.0",
        "is-glob": "~4.0.1",
        "normalize-path": "~3.0.0",
        "readdirp": "~3.4.0"
      }
    },
    "commondir": {
      "version": "1.0.1",
      "resolved": "https://registry.npmjs.org/commondir/-/commondir-1.0.1.tgz",
      "integrity": "sha1-3dgA2gxmEnOTzKWVDqloo6rxJTs=",
      "dev": true
    },
    "concat-map": {
      "version": "0.0.1",
      "resolved": "https://registry.npmjs.org/concat-map/-/concat-map-0.0.1.tgz",
      "integrity": "sha1-2Klr13/Wjfd5OnMDajug1UBdR3s=",
      "dev": true
    },
    "concat-stream": {
      "version": "2.0.0",
      "resolved": "https://registry.npmjs.org/concat-stream/-/concat-stream-2.0.0.tgz",
      "integrity": "sha512-MWufYdFw53ccGjCA+Ol7XJYpAlW6/prSMzuPOTRnJGcGzuhLn4Scrz7qf6o8bROZ514ltazcIFJZevcfbo0x7A==",
      "dev": true,
      "requires": {
        "buffer-from": "^1.0.0",
        "inherits": "^2.0.3",
        "readable-stream": "^3.0.2",
        "typedarray": "^0.0.6"
      }
    },
    "csscolorparser": {
      "version": "1.0.3",
      "resolved": "https://registry.npmjs.org/csscolorparser/-/csscolorparser-1.0.3.tgz",
      "integrity": "sha1-s085HupNqPPpgjHizNjfnAQfFxs=",
      "dev": true
    },
    "deepmerge": {
      "version": "4.2.2",
      "resolved": "https://registry.npmjs.org/deepmerge/-/deepmerge-4.2.2.tgz",
      "integrity": "sha512-FJ3UgI4gIl+PHZm53knsuSFpE+nESMr7M4v9QcgB7S63Kj/6WqMiFQJpBBYz1Pt+66bZpP3Q7Lye0Oo9MPKEdg==",
      "dev": true
    },
    "earcut": {
      "version": "2.2.2",
      "resolved": "https://registry.npmjs.org/earcut/-/earcut-2.2.2.tgz",
      "integrity": "sha512-eZoZPPJcUHnfRZ0PjLvx2qBordSiO8ofC3vt+qACLM95u+4DovnbYNpQtJh0DNsWj8RnxrQytD4WA8gj5cRIaQ==",
      "dev": true
    },
    "estree-walker": {
      "version": "1.0.1",
      "resolved": "https://registry.npmjs.org/estree-walker/-/estree-walker-1.0.1.tgz",
      "integrity": "sha512-1fMXF3YP4pZZVozF8j/ZLfvnR8NSIljt56UhbZ5PeeDmmGHpgpdwQt7ITlGvYaQukCvuBRMLEiKiYC+oeIg4cg==",
      "dev": true
    },
    "fill-range": {
      "version": "7.0.1",
      "resolved": "https://registry.npmjs.org/fill-range/-/fill-range-7.0.1.tgz",
      "integrity": "sha512-qOo9F+dMUmC2Lcb4BbVvnKJxTPjCm+RRpe4gDuGrzkL7mEVl/djYSu2OdQ2Pa302N4oqkSg9ir6jaLWJ2USVpQ==",
      "dev": true,
      "requires": {
        "to-regex-range": "^5.0.1"
      }
    },
    "fs-extra": {
      "version": "9.0.1",
      "resolved": "https://registry.npmjs.org/fs-extra/-/fs-extra-9.0.1.tgz",
      "integrity": "sha512-h2iAoN838FqAFJY2/qVpzFXy+EBxfVE220PalAqQLDVsFOHLJrZvut5puAbCdNv6WJk+B8ihI+k0c7JK5erwqQ==",
      "dev": true,
      "requires": {
        "at-least-node": "^1.0.0",
        "graceful-fs": "^4.2.0",
        "jsonfile": "^6.0.1",
        "universalify": "^1.0.0"
      }
    },
    "fs.realpath": {
      "version": "1.0.0",
      "resolved": "https://registry.npmjs.org/fs.realpath/-/fs.realpath-1.0.0.tgz",
      "integrity": "sha1-FQStJSMVjKpA20onh8sBQRmU6k8=",
      "dev": true
    },
    "fsevents": {
      "version": "2.1.3",
      "resolved": "https://registry.npmjs.org/fsevents/-/fsevents-2.1.3.tgz",
      "integrity": "sha512-Auw9a4AxqWpa9GUfj370BMPzzyncfBABW8Mab7BGWBYDj4Isgq+cDKtx0i6u9jcX9pQDnswsaaOTgTmA5pEjuQ==",
      "dev": true,
      "optional": true
    },
    "geojson-rbush": {
      "version": "3.1.2",
      "resolved": "https://registry.npmjs.org/geojson-rbush/-/geojson-rbush-3.1.2.tgz",
      "integrity": "sha512-grkfdg3HIeTjwTfiJe5FT8+fGU3fABCc+vRJDBwdQz9kkLF0Sbif2gs2JUzjewwgmnvLGy9fInySDeADoNuk7w==",
      "requires": {
        "@turf/bbox": "*",
        "@turf/helpers": "6.x",
        "@turf/meta": "6.x",
        "rbush": "^2.0.0"
      },
      "dependencies": {
        "@turf/helpers": {
          "version": "6.1.4",
          "resolved": "https://registry.npmjs.org/@turf/helpers/-/helpers-6.1.4.tgz",
          "integrity": "sha512-vJvrdOZy1ngC7r3MDA7zIGSoIgyrkWcGnNIEaqn/APmw+bVLF2gAW7HIsdTxd12s5wQMqEpqIQrmrbRRZ0xC7g=="
        },
        "@turf/meta": {
          "version": "6.0.2",
          "resolved": "https://registry.npmjs.org/@turf/meta/-/meta-6.0.2.tgz",
          "integrity": "sha512-VA7HJkx7qF1l3+GNGkDVn2oXy4+QoLP6LktXAaZKjuT1JI0YESat7quUkbCMy4zP9lAUuvS4YMslLyTtr919FA==",
          "requires": {
            "@turf/helpers": "6.x"
          }
        }
      }
    },
    "geojson-vt": {
      "version": "3.2.1",
      "resolved": "https://registry.npmjs.org/geojson-vt/-/geojson-vt-3.2.1.tgz",
      "integrity": "sha512-EvGQQi/zPrDA6zr6BnJD/YhwAkBP8nnJ9emh3EnHQKVMfg/MRVtPbMYdgVy/IaEmn4UfagD2a6fafPDL5hbtwg==",
      "dev": true
    },
    "gl-matrix": {
      "version": "3.3.0",
      "resolved": "https://registry.npmjs.org/gl-matrix/-/gl-matrix-3.3.0.tgz",
      "integrity": "sha512-COb7LDz+SXaHtl/h4LeaFcNdJdAQSDeVqjiIihSXNrkWObZLhDI4hIkZC11Aeqp7bcE72clzB0BnDXr2SmslRA==",
      "dev": true
    },
    "glob": {
      "version": "7.1.6",
      "resolved": "https://registry.npmjs.org/glob/-/glob-7.1.6.tgz",
      "integrity": "sha512-LwaxwyZ72Lk7vZINtNNrywX0ZuLyStrdDtabefZKAY5ZGJhVtgdznluResxNmPitE0SAO+O26sWTHeKSI2wMBA==",
      "dev": true,
      "requires": {
        "fs.realpath": "^1.0.0",
        "inflight": "^1.0.4",
        "inherits": "2",
        "minimatch": "^3.0.4",
        "once": "^1.3.0",
        "path-is-absolute": "^1.0.0"
      }
    },
    "glob-parent": {
      "version": "5.1.1",
      "resolved": "https://registry.npmjs.org/glob-parent/-/glob-parent-5.1.1.tgz",
      "integrity": "sha512-FnI+VGOpnlGHWZxthPGR+QhR78fuiK0sNLkHQv+bL9fQi57lNNdquIbna/WrfROrolq8GK5Ek6BiMwqL/voRYQ==",
      "dev": true,
      "requires": {
        "is-glob": "^4.0.1"
      }
    },
    "graceful-fs": {
      "version": "4.2.4",
      "resolved": "https://registry.npmjs.org/graceful-fs/-/graceful-fs-4.2.4.tgz",
      "integrity": "sha512-WjKPNJF79dtJAVniUlGGWHYGz2jWxT6VhN/4m1NdkbZ2nOsEF+cI1Edgql5zCRhs/VsQYRvrXctxktVXZUkixw==",
      "dev": true
    },
    "grid-index": {
      "version": "1.1.0",
      "resolved": "https://registry.npmjs.org/grid-index/-/grid-index-1.1.0.tgz",
      "integrity": "sha512-HZRwumpOGUrHyxO5bqKZL0B0GlUpwtCAzZ42sgxUPniu33R1LSFH5yrIcBCHjkctCAh3mtWKcKd9J4vDDdeVHA==",
      "dev": true
    },
    "ieee754": {
      "version": "1.1.13",
      "resolved": "https://registry.npmjs.org/ieee754/-/ieee754-1.1.13.tgz",
      "integrity": "sha512-4vf7I2LYV/HaWerSo3XmlMkp5eZ83i+/CDluXi/IGTs/O1sejBNhTtnxzmRZfvOUqj7lZjqHkeTvpgSFDlWZTg==",
      "dev": true
    },
    "inflight": {
      "version": "1.0.6",
      "resolved": "https://registry.npmjs.org/inflight/-/inflight-1.0.6.tgz",
      "integrity": "sha1-Sb1jMdfQLQwJvJEKEHW6gWW1bfk=",
      "dev": true,
      "requires": {
        "once": "^1.3.0",
        "wrappy": "1"
      }
    },
    "inherits": {
      "version": "2.0.4",
      "resolved": "https://registry.npmjs.org/inherits/-/inherits-2.0.4.tgz",
      "integrity": "sha512-k/vGaX4/Yla3WzyMCvTQOXYeIHvqOKtnqBduzTHpzpQZzAskKMhZ2K+EnBiSM9zGSoIFeMpXKxa4dYeZIQqewQ==",
      "dev": true
    },
    "is-binary-path": {
      "version": "2.1.0",
      "resolved": "https://registry.npmjs.org/is-binary-path/-/is-binary-path-2.1.0.tgz",
      "integrity": "sha512-ZMERYes6pDydyuGidse7OsHxtbI7WVeUEozgR/g7rd0xUimYNlvZRE/K2MgZTjWy725IfelLeVcEM97mmtRGXw==",
      "dev": true,
      "requires": {
        "binary-extensions": "^2.0.0"
      }
    },
    "is-extglob": {
      "version": "2.1.1",
      "resolved": "https://registry.npmjs.org/is-extglob/-/is-extglob-2.1.1.tgz",
      "integrity": "sha1-qIwCU1eR8C7TfHahueqXc8gz+MI=",
      "dev": true
    },
    "is-glob": {
      "version": "4.0.1",
      "resolved": "https://registry.npmjs.org/is-glob/-/is-glob-4.0.1.tgz",
      "integrity": "sha512-5G0tKtBTFImOqDnLB2hG6Bp2qcKEFduo4tZu9MT/H6NQv/ghhy30o55ufafxJ/LdH79LLs2Kfrn85TLKyA7BUg==",
      "dev": true,
      "requires": {
        "is-extglob": "^2.1.1"
      }
    },
    "is-module": {
      "version": "1.0.0",
      "resolved": "https://registry.npmjs.org/is-module/-/is-module-1.0.0.tgz",
      "integrity": "sha1-Mlj7afeMFNW4FdZkM2tM/7ZEFZE=",
      "dev": true
    },
    "is-number": {
      "version": "7.0.0",
      "resolved": "https://registry.npmjs.org/is-number/-/is-number-7.0.0.tgz",
      "integrity": "sha512-41Cifkg6e8TylSpdtTpeLVMqvSBEVzTttHvERD741+pnZ8ANv0004MRL43QKPDlK9cGvNp6NZWZUBlbGXYxxng==",
      "dev": true
    },
    "is-reference": {
      "version": "1.2.1",
      "resolved": "https://registry.npmjs.org/is-reference/-/is-reference-1.2.1.tgz",
      "integrity": "sha512-U82MsXXiFIrjCK4otLT+o2NA2Cd2g5MLoOVXUZjIOhLurrRxpEXzI8O0KZHr3IjLvlAH1kTPYSuqer5T9ZVBKQ==",
      "dev": true,
      "requires": {
        "@types/estree": "*"
      }
    },
    "jsonfile": {
      "version": "6.0.1",
      "resolved": "https://registry.npmjs.org/jsonfile/-/jsonfile-6.0.1.tgz",
      "integrity": "sha512-jR2b5v7d2vIOust+w3wtFKZIfpC2pnRmFAhAC/BuweZFQR8qZzxH1OyrQ10HmdVYiXWkYUqPVsz91cG7EL2FBg==",
      "dev": true,
      "requires": {
        "graceful-fs": "^4.1.6",
        "universalify": "^1.0.0"
      }
    },
    "kdbush": {
      "version": "3.0.0",
      "resolved": "https://registry.npmjs.org/kdbush/-/kdbush-3.0.0.tgz",
      "integrity": "sha512-hRkd6/XW4HTsA9vjVpY9tuXJYLSlelnkTmVFu4M9/7MIYQtFcHpbugAU7UbOfjOiVSVYl2fqgBuJ32JUmRo5Ew==",
      "dev": true
    },
    "livereload": {
      "version": "0.9.1",
      "resolved": "https://registry.npmjs.org/livereload/-/livereload-0.9.1.tgz",
      "integrity": "sha512-9g7sua11kkyZNo2hLRCG3LuZZwqexoyEyecSlV8cAsfAVVCZqLzVir6XDqmH0r+Vzgnd5LrdHDMyjtFnJQLAYw==",
      "dev": true,
      "requires": {
        "chokidar": "^3.3.0",
        "livereload-js": "^3.1.0",
        "opts": ">= 1.2.0",
        "ws": "^6.2.1"
      }
    },
    "livereload-js": {
      "version": "3.3.1",
      "resolved": "https://registry.npmjs.org/livereload-js/-/livereload-js-3.3.1.tgz",
      "integrity": "sha512-CBu1gTEfzVhlOK1WASKAAJ9Qx1fHECTq0SUB67sfxwQssopTyvzqTlgl+c0h9pZ6V+Fzd2rc510ppuNusg9teQ==",
      "dev": true
    },
    "lodash.debounce": {
      "version": "4.0.8",
      "resolved": "https://registry.npmjs.org/lodash.debounce/-/lodash.debounce-4.0.8.tgz",
      "integrity": "sha1-gteb/zCmfEAF/9XiUVMArZyk168="
    },
    "magic-string": {
      "version": "0.25.7",
      "resolved": "https://registry.npmjs.org/magic-string/-/magic-string-0.25.7.tgz",
      "integrity": "sha512-4CrMT5DOHTDk4HYDlzmwu4FVCcIYI8gauveasrdCu2IKIFOJ3f0v/8MDGJCDL9oD2ppz/Av1b0Nj345H9M+XIA==",
      "dev": true,
      "requires": {
        "sourcemap-codec": "^1.4.4"
      }
    },
    "mapbox-gl": {
      "version": "1.12.0",
      "resolved": "https://registry.npmjs.org/mapbox-gl/-/mapbox-gl-1.12.0.tgz",
      "integrity": "sha512-B3URR4qY9R/Bx+DKqP8qmGCai8IOZYMSZF7ZSvcCZaYTaOYhQQi8ErTEDZtFMOR0ZPj7HFWOkkhl5SqvDfpJpA==",
      "dev": true,
      "requires": {
        "@mapbox/geojson-rewind": "^0.5.0",
        "@mapbox/geojson-types": "^1.0.2",
        "@mapbox/jsonlint-lines-primitives": "^2.0.2",
        "@mapbox/mapbox-gl-supported": "^1.5.0",
        "@mapbox/point-geometry": "^0.1.0",
        "@mapbox/tiny-sdf": "^1.1.1",
        "@mapbox/unitbezier": "^0.0.0",
        "@mapbox/vector-tile": "^1.3.1",
        "@mapbox/whoots-js": "^3.1.0",
        "csscolorparser": "~1.0.3",
        "earcut": "^2.2.2",
        "geojson-vt": "^3.2.1",
        "gl-matrix": "^3.2.1",
        "grid-index": "^1.1.0",
        "minimist": "^1.2.5",
        "murmurhash-js": "^1.0.0",
        "pbf": "^3.2.1",
        "potpack": "^1.0.1",
        "quickselect": "^2.0.0",
        "rw": "^1.3.3",
        "supercluster": "^7.1.0",
        "tinyqueue": "^2.0.3",
        "vt-pbf": "^3.1.1"
      }
    },
    "mime": {
      "version": "2.4.6",
      "resolved": "https://registry.npmjs.org/mime/-/mime-2.4.6.tgz",
      "integrity": "sha512-RZKhC3EmpBchfTGBVb8fb+RL2cWyw/32lshnsETttkBAyAUXSGHxbEJWWRXc751DrIxG1q04b8QwMbAwkRPpUA==",
      "dev": true
    },
    "minimatch": {
      "version": "3.0.4",
      "resolved": "https://registry.npmjs.org/minimatch/-/minimatch-3.0.4.tgz",
      "integrity": "sha512-yJHVQEhyqPLUTgt9B83PXu6W3rx4MvvHvSUvToogpwoGDOUQ+yDrR0HRot+yOCdCO7u4hX3pWft6kWBBcqh0UA==",
      "dev": true,
      "requires": {
        "brace-expansion": "^1.1.7"
      }
    },
    "minimist": {
      "version": "1.2.5",
      "resolved": "https://registry.npmjs.org/minimist/-/minimist-1.2.5.tgz",
      "integrity": "sha512-FM9nNUYrRBAELZQT3xeZQ7fmMOBg6nWNmJKTcgsJeaLstP/UODVpGsr5OhXhhXg6f+qtJ8uiZ+PUxkDWcgIXLw==",
      "dev": true
    },
    "murmurhash-js": {
      "version": "1.0.0",
      "resolved": "https://registry.npmjs.org/murmurhash-js/-/murmurhash-js-1.0.0.tgz",
      "integrity": "sha1-sGJ44h/Gw3+lMTcysEEry2rhX1E=",
      "dev": true
    },
    "normalize-path": {
      "version": "3.0.0",
      "resolved": "https://registry.npmjs.org/normalize-path/-/normalize-path-3.0.0.tgz",
      "integrity": "sha512-6eZs5Ls3WtCisHWp9S2GUy8dqkpGi4BVSz3GaqiE6ezub0512ESztXUwUB6C6IKbQkY2Pnb/mD4WYojCRwcwLA==",
      "dev": true
    },
    "once": {
      "version": "1.4.0",
      "resolved": "https://registry.npmjs.org/once/-/once-1.4.0.tgz",
      "integrity": "sha1-WDsap3WWHUsROsF9nFC6753Xa9E=",
      "dev": true,
      "requires": {
        "wrappy": "1"
      }
    },
    "opener": {
      "version": "1.5.2",
      "resolved": "https://registry.npmjs.org/opener/-/opener-1.5.2.tgz",
      "integrity": "sha512-ur5UIdyw5Y7yEj9wLzhqXiy6GZ3Mwx0yGI+5sMn2r0N0v3cKJvUmFH5yPP+WXh9e0xfyzyJX95D8l088DNFj7A==",
      "dev": true
    },
    "opts": {
      "version": "2.0.2",
      "resolved": "https://registry.npmjs.org/opts/-/opts-2.0.2.tgz",
      "integrity": "sha512-k41FwbcLnlgnFh69f4qdUfvDQ+5vaSDnVPFI/y5XuhKRq97EnVVneO9F1ESVCdiVu4fCS2L8usX3mU331hB7pg==",
      "dev": true
    },
    "path-is-absolute": {
      "version": "1.0.1",
      "resolved": "https://registry.npmjs.org/path-is-absolute/-/path-is-absolute-1.0.1.tgz",
      "integrity": "sha1-F0uSaHNVNP+8es5r9TpanhtcX18=",
      "dev": true
    },
    "path-parse": {
      "version": "1.0.6",
      "resolved": "https://registry.npmjs.org/path-parse/-/path-parse-1.0.6.tgz",
      "integrity": "sha512-GSmOT2EbHrINBf9SR7CDELwlJ8AENk3Qn7OikK4nFYAu3Ote2+JYNVvkpAEQm3/TLNEJFD/xZJjzyxg3KBWOzw==",
      "dev": true
    },
    "pbf": {
      "version": "3.2.1",
      "resolved": "https://registry.npmjs.org/pbf/-/pbf-3.2.1.tgz",
      "integrity": "sha512-ClrV7pNOn7rtmoQVF4TS1vyU0WhYRnP92fzbfF75jAIwpnzdJXf8iTd4CMEqO4yUenH6NDqLiwjqlh6QgZzgLQ==",
      "dev": true,
      "requires": {
        "ieee754": "^1.1.12",
        "resolve-protobuf-schema": "^2.1.0"
      }
    },
    "picomatch": {
      "version": "2.2.2",
      "resolved": "https://registry.npmjs.org/picomatch/-/picomatch-2.2.2.tgz",
      "integrity": "sha512-q0M/9eZHzmr0AulXyPwNfZjtwZ/RBZlbN3K3CErVrk50T2ASYI7Bye0EvekFY3IP1Nt2DHu0re+V2ZHIpMkuWg==",
      "dev": true
    },
    "potpack": {
      "version": "1.0.1",
      "resolved": "https://registry.npmjs.org/potpack/-/potpack-1.0.1.tgz",
      "integrity": "sha512-15vItUAbViaYrmaB/Pbw7z6qX2xENbFSTA7Ii4tgbPtasxm5v6ryKhKtL91tpWovDJzTiZqdwzhcFBCwiMVdVw==",
      "dev": true
    },
    "prettier": {
      "version": "2.1.2",
      "resolved": "https://registry.npmjs.org/prettier/-/prettier-2.1.2.tgz",
      "integrity": "sha512-16c7K+x4qVlJg9rEbXl7HEGmQyZlG4R9AgP+oHKRMsMsuk8s+ATStlf1NpDqyBI1HpVyfjLOeMhH2LvuNvV5Vg==",
      "dev": true
    },
    "protocol-buffers-schema": {
      "version": "3.4.0",
      "resolved": "https://registry.npmjs.org/protocol-buffers-schema/-/protocol-buffers-schema-3.4.0.tgz",
      "integrity": "sha512-G/2kcamPF2S49W5yaMGdIpkG6+5wZF0fzBteLKgEHjbNzqjZQ85aAs1iJGto31EJaSTkNvHs5IXuHSaTLWBAiA==",
      "dev": true
    },
    "quickselect": {
      "version": "2.0.0",
      "resolved": "https://registry.npmjs.org/quickselect/-/quickselect-2.0.0.tgz",
      "integrity": "sha512-RKJ22hX8mHe3Y6wH/N3wCM6BWtjaxIyyUIkpHOvfFnxdI4yD4tBXEBKSbriGujF6jnSVkJrffuo6vxACiSSxIw==",
      "dev": true
    },
    "rbush": {
      "version": "2.0.2",
      "resolved": "https://registry.npmjs.org/rbush/-/rbush-2.0.2.tgz",
      "integrity": "sha512-XBOuALcTm+O/H8G90b6pzu6nX6v2zCKiFG4BJho8a+bY6AER6t8uQUZdi5bomQc0AprCWhEGa7ncAbbRap0bRA==",
      "requires": {
        "quickselect": "^1.0.1"
      },
      "dependencies": {
        "quickselect": {
          "version": "1.1.1",
          "resolved": "https://registry.npmjs.org/quickselect/-/quickselect-1.1.1.tgz",
          "integrity": "sha512-qN0Gqdw4c4KGPsBOQafj6yj/PA6c/L63f6CaZ/DCF/xF4Esu3jVmKLUDYxghFx8Kb/O7y9tI7x2RjTSXwdK1iQ=="
        }
      }
    },
    "readable-stream": {
      "version": "3.6.0",
      "resolved": "https://registry.npmjs.org/readable-stream/-/readable-stream-3.6.0.tgz",
      "integrity": "sha512-BViHy7LKeTz4oNnkcLJ+lVSL6vpiFeX6/d3oSH8zCW7UxP2onchk+vTGB143xuFjHS3deTgkKoXXymXqymiIdA==",
      "dev": true,
      "requires": {
        "inherits": "^2.0.3",
        "string_decoder": "^1.1.1",
        "util-deprecate": "^1.0.1"
      }
    },
    "readdirp": {
      "version": "3.4.0",
      "resolved": "https://registry.npmjs.org/readdirp/-/readdirp-3.4.0.tgz",
      "integrity": "sha512-0xe001vZBnJEK+uKcj8qOhyAKPzIT+gStxWr3LCB0DwcXR5NZJ3IaC+yGnHCYzB/S7ov3m3EEbZI2zeNvX+hGQ==",
      "dev": true,
      "requires": {
        "picomatch": "^2.2.1"
      }
    },
    "resolve": {
      "version": "1.17.0",
      "resolved": "https://registry.npmjs.org/resolve/-/resolve-1.17.0.tgz",
      "integrity": "sha512-ic+7JYiV8Vi2yzQGFWOkiZD5Z9z7O2Zhm9XMaTxdJExKasieFCr+yXZ/WmXsckHiKl12ar0y6XiXDx3m4RHn1w==",
      "dev": true,
      "requires": {
        "path-parse": "^1.0.6"
      }
    },
    "resolve-protobuf-schema": {
      "version": "2.1.0",
      "resolved": "https://registry.npmjs.org/resolve-protobuf-schema/-/resolve-protobuf-schema-2.1.0.tgz",
      "integrity": "sha512-kI5ffTiZWmJaS/huM8wZfEMer1eRd7oJQhDuxeCLe3t7N7mX3z94CN0xPxBQxFYQTSNz9T0i+v6inKqSdK8xrQ==",
      "dev": true,
      "requires": {
        "protocol-buffers-schema": "^3.3.1"
      }
    },
    "rollup": {
      "version": "2.29.0",
      "resolved": "https://registry.npmjs.org/rollup/-/rollup-2.29.0.tgz",
      "integrity": "sha512-gtU0sjxMpsVlpuAf4QXienPmUAhd6Kc7owQ4f5lypoxBW18fw2UNYZ4NssLGsri6WhUZkE/Ts3EMRebN+gNLiQ==",
      "dev": true,
      "requires": {
        "fsevents": "~2.1.2"
      }
    },
    "rollup-plugin-css-only": {
      "version": "2.1.0",
      "resolved": "https://registry.npmjs.org/rollup-plugin-css-only/-/rollup-plugin-css-only-2.1.0.tgz",
      "integrity": "sha512-pfdcqAWEmRMFy+ABXAQPA/DKyPqLuBTOf+lWSOgtrVs1v/q7DSXzYa9QZg4myd8/1F7NHcdvPkWnfWqMxq9vrw==",
      "dev": true,
      "requires": {
        "@rollup/pluginutils": "^3.0.0",
        "fs-extra": "^9.0.0"
      }
    },
    "rollup-plugin-livereload": {
      "version": "2.0.0",
      "resolved": "https://registry.npmjs.org/rollup-plugin-livereload/-/rollup-plugin-livereload-2.0.0.tgz",
      "integrity": "sha512-oC/8NqumGYuphkqrfszOHUUIwzKsaHBICw6QRwT5uD07gvePTS+HW+GFwu6f9K8W02CUuTvtIM9AWJrbj4wE1A==",
      "dev": true,
      "requires": {
        "livereload": "^0.9.1"
      }
    },
    "rollup-plugin-serve": {
      "version": "1.0.4",
      "resolved": "https://registry.npmjs.org/rollup-plugin-serve/-/rollup-plugin-serve-1.0.4.tgz",
      "integrity": "sha512-74Gh47+dGKhmy04MIu9deXwn8VGlWsk93HcGIbO+NCdZ9roRXVO7y4l/9MLAAujuYpzsWCopHHZT8/6PSRzGLg==",
      "dev": true,
      "requires": {
        "mime": ">=2.4.6",
        "opener": "1"
      }
    },
    "rw": {
      "version": "1.3.3",
      "resolved": "https://registry.npmjs.org/rw/-/rw-1.3.3.tgz",
      "integrity": "sha1-P4Yt+pGrdmsUiF700BEkv9oHT7Q=",
      "dev": true
    },
    "safe-buffer": {
      "version": "5.2.1",
      "resolved": "https://registry.npmjs.org/safe-buffer/-/safe-buffer-5.2.1.tgz",
      "integrity": "sha512-rp3So07KcdmmKbGvgaNxQSJr7bGVSVk5S9Eq1F+ppbRo70+YeaDxkw5Dd8NPN+GD6bjnYm2VuPuCXmpuYvmCXQ==",
      "dev": true
    },
    "sourcemap-codec": {
      "version": "1.4.8",
      "resolved": "https://registry.npmjs.org/sourcemap-codec/-/sourcemap-codec-1.4.8.tgz",
      "integrity": "sha512-9NykojV5Uih4lgo5So5dtw+f0JgJX30KCNI8gwhz2J9A15wD0Ml6tjHKwf6fTSa6fAdVBdZeNOs9eJ71qCk8vA==",
      "dev": true
    },
    "string_decoder": {
      "version": "1.3.0",
      "resolved": "https://registry.npmjs.org/string_decoder/-/string_decoder-1.3.0.tgz",
      "integrity": "sha512-hkRX8U1WjJFd8LsDJ2yQ/wWWxaopEsABU1XfkM8A+j0+85JAGppt16cr1Whg6KIbb4okU6Mql6BOj+uup/wKeA==",
      "dev": true,
      "requires": {
        "safe-buffer": "~5.2.0"
      }
    },
    "supercluster": {
      "version": "7.1.0",
      "resolved": "https://registry.npmjs.org/supercluster/-/supercluster-7.1.0.tgz",
      "integrity": "sha512-LDasImUAFMhTqhK+cUXfy9C2KTUqJ3gucLjmNLNFmKWOnDUBxLFLH9oKuXOTCLveecmxh8fbk8kgh6Q0gsfe2w==",
      "dev": true,
      "requires": {
        "kdbush": "^3.0.0"
      }
    },
    "tinyqueue": {
      "version": "2.0.3",
      "resolved": "https://registry.npmjs.org/tinyqueue/-/tinyqueue-2.0.3.tgz",
      "integrity": "sha512-ppJZNDuKGgxzkHihX8v9v9G5f+18gzaTfrukGrq6ueg0lmH4nqVnA2IPG0AEH3jKEk2GRJCUhDoqpoiw3PHLBA==",
      "dev": true
    },
    "to-regex-range": {
      "version": "5.0.1",
      "resolved": "https://registry.npmjs.org/to-regex-range/-/to-regex-range-5.0.1.tgz",
      "integrity": "sha512-65P7iz6X5yEr1cwcgvQxbbIw7Uk3gOy5dIdtZ4rDveLqhrdJP+Li/Hx6tyK0NEb+2GCyneCMJiGqrADCSNk8sQ==",
      "dev": true,
      "requires": {
        "is-number": "^7.0.0"
      }
    },
    "tslib": {
      "version": "2.0.2",
      "resolved": "https://registry.npmjs.org/tslib/-/tslib-2.0.2.tgz",
      "integrity": "sha512-wAH28hcEKwna96/UacuWaVspVLkg4x1aDM9JlzqaQTOFczCktkVAb5fmXChgandR1EraDPs2w8P+ozM+oafwxg==",
      "dev": true
    },
    "typedarray": {
      "version": "0.0.6",
      "resolved": "https://registry.npmjs.org/typedarray/-/typedarray-0.0.6.tgz",
      "integrity": "sha1-hnrHTjhkGHsdPUfZlqeOxciDB3c=",
      "dev": true
    },
    "typescript": {
      "version": "4.0.3",
      "resolved": "https://registry.npmjs.org/typescript/-/typescript-4.0.3.tgz",
      "integrity": "sha512-tEu6DGxGgRJPb/mVPIZ48e69xCn2yRmCgYmDugAVwmJ6o+0u1RI18eO7E7WBTLYLaEVVOhwQmcdhQHweux/WPg==",
      "dev": true
    },
    "universalify": {
      "version": "1.0.0",
      "resolved": "https://registry.npmjs.org/universalify/-/universalify-1.0.0.tgz",
      "integrity": "sha512-rb6X1W158d7pRQBg5gkR8uPaSfiids68LTJQYOtEUhoJUWBdaQHsuT/EUduxXYxcrt4r5PJ4fuHW1MHT6p0qug==",
      "dev": true
    },
    "util-deprecate": {
      "version": "1.0.2",
      "resolved": "https://registry.npmjs.org/util-deprecate/-/util-deprecate-1.0.2.tgz",
      "integrity": "sha1-RQ1Nyfpw3nMnYvvS1KKJgUGaDM8=",
      "dev": true
    },
    "vt-pbf": {
      "version": "3.1.1",
      "resolved": "https://registry.npmjs.org/vt-pbf/-/vt-pbf-3.1.1.tgz",
      "integrity": "sha512-pHjWdrIoxurpmTcbfBWXaPwSmtPAHS105253P1qyEfSTV2HJddqjM+kIHquaT/L6lVJIk9ltTGc0IxR/G47hYA==",
      "dev": true,
      "requires": {
        "@mapbox/point-geometry": "0.1.0",
        "@mapbox/vector-tile": "^1.3.1",
        "pbf": "^3.0.5"
      }
    },
    "wrappy": {
      "version": "1.0.2",
      "resolved": "https://registry.npmjs.org/wrappy/-/wrappy-1.0.2.tgz",
      "integrity": "sha1-tSQ9jz7BqjXxNkYFvA0QNuMKtp8=",
      "dev": true
    },
    "ws": {
      "version": "6.2.1",
      "resolved": "https://registry.npmjs.org/ws/-/ws-6.2.1.tgz",
      "integrity": "sha512-GIyAXC2cB7LjvpgMt9EKS2ldqr0MTrORaleiOno6TweZ6r3TKtoFQWay/2PceJ3RuBasOHzXNn5Lrw1X0bEjqA==",
      "dev": true,
      "requires": {
        "async-limiter": "~1.0.0"
      }
    }
  }
}
